
Microsoft Visual Studio Solution File, Format Version 12.00
Project("{FAE04EC0-301F-11D3-BF4B-00C04F79EFBC}") = "2.1.3", "2.1.3\2.1.3.csproj", "{0D7C3854-946B-483F-89C2-B1EEC68F2C9C}"
EndProject
Global
	GlobalSection(SolutionConfigurationPlatforms) = preSolution
		Debug|Any CPU = Debug|Any CPU
		Release|Any CPU = Release|Any CPU
	EndGlobalSection
	GlobalSection(ProjectConfigurationPlatforms) = postSolution
		{0D7C3854-946B-483F-89C2-B1EEC68F2C9C}.Debug|Any CPU.ActiveCfg = Debug|Any CPU
		{0D7C3854-946B-483F-89C2-B1EEC68F2C9C}.Debug|Any CPU.Build.0 = Debug|Any CPU
		{0D7C3854-946B-483F-89C2-B1EEC68F2C9C}.Release|Any CPU.ActiveCfg = Release|Any CPU
		{0D7C3854-946B-483F-89C2-B1EEC68F2C9C}.Release|Any CPU.Build.0 = Release|Any CPU
	EndGlobalSection
EndGlobal
