
Microsoft Visual Studio Solution File, Format Version 12.00
Project("{FAE04EC0-301F-11D3-BF4B-00C04F79EFBC}") = "2.1.3", "2.1.3\2.1.3.csproj", "{57ECBF42-D4EA-48E2-ADAD-7B060C977146}"
EndProject
Global
	GlobalSection(SolutionConfigurationPlatforms) = preSolution
		Debug|Any CPU = Debug|Any CPU
		Release|Any CPU = Release|Any CPU
	EndGlobalSection
	GlobalSection(ProjectConfigurationPlatforms) = postSolution
		{57ECBF42-D4EA-48E2-ADAD-7B060C977146}.Debug|Any CPU.ActiveCfg = Debug|Any CPU
		{57ECBF42-D4EA-48E2-ADAD-7B060C977146}.Debug|Any CPU.Build.0 = Debug|Any CPU
		{57ECBF42-D4EA-48E2-ADAD-7B060C977146}.Release|Any CPU.ActiveCfg = Release|Any CPU
		{57ECBF42-D4EA-48E2-ADAD-7B060C977146}.Release|Any CPU.Build.0 = Release|Any CPU
	EndGlobalSection
EndGlobal
