
Microsoft Visual Studio Solution File, Format Version 12.00
Project("{FAE04EC0-301F-11D3-BF4B-00C04F79EFBC}") = "2.2.5", "2.2.5\2.2.5.csproj", "{946057C1-1FDF-47E6-B5FC-7141820295CD}"
EndProject
Global
	GlobalSection(SolutionConfigurationPlatforms) = preSolution
		Debug|Any CPU = Debug|Any CPU
		Release|Any CPU = Release|Any CPU
	EndGlobalSection
	GlobalSection(ProjectConfigurationPlatforms) = postSolution
		{946057C1-1FDF-47E6-B5FC-7141820295CD}.Debug|Any CPU.ActiveCfg = Debug|Any CPU
		{946057C1-1FDF-47E6-B5FC-7141820295CD}.Debug|Any CPU.Build.0 = Debug|Any CPU
		{946057C1-1FDF-47E6-B5FC-7141820295CD}.Release|Any CPU.ActiveCfg = Release|Any CPU
		{946057C1-1FDF-47E6-B5FC-7141820295CD}.Release|Any CPU.Build.0 = Release|Any CPU
	EndGlobalSection
EndGlobal
